github.com/google/go-cmp v0.5.5 h1:Khx7svrCpmxxtHBq5j2mp/xVjsi8hQMfNLvJFAlrGgU=
github.com/google/go-cmp v0.5.5/go.mod h1:v8dTdLbMG2kIc/vJvl+f65V22dbkXbowE6jgT/gNBxE=
golang.org/x/tools v0.6.0 h1:BOw41kyTf3PuCW1pVQf8+Cyg8pMlkYB1oo9iJ6D/lKM=
golang.org/x/tools v0.6.0/go.mod h1:Xwgl3UAJ/d3gWutnCtw505GrjyAbvKui8lOU390QaIU=
golang.org/x/xerrors v0.0.0-20200804184101-5ec99f83aff1 h1:go1bK/D/BFZV2I8cIQd1NKEZ+0owSTG1fDTci4IqFcE=
golang.org/x/xerrors v0.0.0-20200804184101-5ec99f83aff1/go.mod h1:I/5z698sn9Ka8TeJc9MKroUUfqBBauWjQqLJ2OPfmY0=
google.golang.org/protobuf v1.36.3 h1:82DV7MYdb8anAVi3qge1wSnMDrnKK7ebr+I0hHRN1BU=
google.golang.org/protobuf v1.36.3/go.mod h1:9fA7Ob0pmnwhb644+1+CVWFRbNajQ6iRojtC/QF5bRE=
katydid.org.za/go/parser-go v0.12.0 h1:GpEBc8zXgkWDfDAeapUDOtYyiW/GFhH8bNOgINmJ/jU=
katydid.org.za/go/parser-go v0.12.0/go.mod h1:e1ZTtXTE/kBuCQ9mQKz4/POfyAj1bHHJdVG75BvDjo0=
katydid.org.za/go/parser-go-json v0.8.2 h1:wqLIfpoc1jfDKdKXVfnm2gVUaJcqhr2p6DNboWdyjzI=
katydid.org.za/go/parser-go-json v0.8.2/go.mod h1:Pc07jF3HwT+lMRYPAdVzQEXwhn6uESTxtq8AJpdj3gU=
katydid.org.za/go/parser-go-proto v0.5.2 h1:smWhQlC4Pp1stEjh7WzMrE19l+Y59sO/VPWCQbJnh9k=
katydid.org.za/go/parser-go-proto v0.5.2/go.mod h1:pSzGqX0x5nCBEdLYXHojax1qps0gyGEA0Z7zN1MGiug=
katydid.org.za/go/parser-go-reflect v0.5.2 h1:V90/qPZt5hUEMzYSWBwE+VY6apTEQ2VjdUAdHcQtUHs=
katydid.org.za/go/parser-go-reflect v0.5.2/go.mod h1:EGG6LHI791cmyMooyhrMkYiXFb2kodCTJZMV+3MtzBo=
katydid.org.za/go/parser-go-xml v0.2.3 h1:t2savyYCCv/5tMphUOspTFEBJodQZDLj5+J44erIDCA=
katydid.org.za/go/parser-go-xml v0.2.3/go.mod h1:oP0VhiikAjQmP64HkeY0GS69qSlQ1dJGGLHuCw4hJRI=
katydid.org.za/go/validator-go v0.8.4 h1:dTuf6S0svwN8L7hPWwwpKDUYynmk0SXiwTx1xUOWSyY=
katydid.org.za/go/validator-go v0.8.4/go.mod h1:DnGhMujEskm7+2l+ALwcTULfXwHQ2neMZynHSKM4F/w=
