github.com/google/go-cmp v0.5.5 h1:Khx7svrCpmxxtHBq5j2mp/xVjsi8hQMfNLvJFAlrGgU=
github.com/google/go-cmp v0.5.5/go.mod h1:v8dTdLbMG2kIc/vJvl+f65V22dbkXbowE6jgT/gNBxE=
golang.org/x/tools v0.6.0 h1:BOw41kyTf3PuCW1pVQf8+Cyg8pMlkYB1oo9iJ6D/lKM=
golang.org/x/tools v0.6.0/go.mod h1:Xwgl3UAJ/d3gWutnCtw505GrjyAbvKui8lOU390QaIU=
golang.org/x/xerrors v0.0.0-20200804184101-5ec99f83aff1 h1:go1bK/D/BFZV2I8cIQd1NKEZ+0owSTG1fDTci4IqFcE=
golang.org/x/xerrors v0.0.0-20200804184101-5ec99f83aff1/go.mod h1:I/5z698sn9Ka8TeJc9MKroUUfqBBauWjQqLJ2OPfmY0=
google.golang.org/protobuf v1.36.3 h1:82DV7MYdb8anAVi3qge1wSnMDrnKK7ebr+I0hHRN1BU=
google.golang.org/protobuf v1.36.3/go.mod h1:9fA7Ob0pmnwhb644+1+CVWFRbNajQ6iRojtC/QF5bRE=
katydid.org.za/go/parser-go v0.11.0 h1:QRK3NmMBVbJwBh03XWnh9dD8vLtmW4uqVwLSYaeIres=
katydid.org.za/go/parser-go v0.11.0/go.mod h1:e1ZTtXTE/kBuCQ9mQKz4/POfyAj1bHHJdVG75BvDjo0=
katydid.org.za/go/parser-go-json v0.8.0 h1:K2BQEjd/nckI5p5PQD8rBn+4y6TRSFHWeR94CVLNOtE=
katydid.org.za/go/parser-go-json v0.8.0/go.mod h1:Ud7fvriMPPdhAYRnf+rJct8IwZ1H0U0hEJBK3qHZnkI=
katydid.org.za/go/parser-go-proto v0.5.0 h1:odb3FyYxZujtCPmnzy4VzkA+nbfLuSjQ9dmycJQ0KvA=
katydid.org.za/go/parser-go-proto v0.5.0/go.mod h1:27FWfyNV922PkWdXPyWR2tkXDtL3TYwIa409Qoco1WY=
katydid.org.za/go/parser-go-reflect v0.5.0 h1:1ak4VLmMVtQj32+T48/qd5Euts8Gf5P/k7IXY+ahNUM=
katydid.org.za/go/parser-go-reflect v0.5.0/go.mod h1:4ge7AH/LiVlEjR+Lz7yLnmTZL5DNxk6n5LoVhQnnMoU=
katydid.org.za/go/parser-go-xml v0.2.0 h1:I2tvxZImmqPRKKs226kHUQUI3XZ1KSwqOo5nSf0dAes=
katydid.org.za/go/parser-go-xml v0.2.0/go.mod h1:NCbXLEM2tr4f5mb0Z97aBrq7V2PzS+ajaZUkaqstZ5s=
katydid.org.za/go/validator-go v0.8.1 h1:zUup4eB+X/50VLiFrv9xbzS1ZHmcS47EzVLShYGnP44=
katydid.org.za/go/validator-go v0.8.1/go.mod h1:js6q11gPmpPfuGhR8B70COnZhTPfPueMfVjh4pa9DPo=
