github.com/google/go-cmp v0.5.5 h1:Khx7svrCpmxxtHBq5j2mp/xVjsi8hQMfNLvJFAlrGgU=
github.com/google/go-cmp v0.5.5/go.mod h1:v8dTdLbMG2kIc/vJvl+f65V22dbkXbowE6jgT/gNBxE=
github.com/katydid/parser-go v0.7.9 h1:hwH4EBo8SSW/NZ2RxSpFF2nQzIg9Mt1+9aNVd7ULiB4=
github.com/katydid/parser-go v0.7.9/go.mod h1:e6PzxUlxRtkeyCMHQW7l+xG6/r/3edg14k2KK4l2WL4=
github.com/katydid/parser-go-json v0.3.0 h1:gKwPc4DIJygB7D+8ZpMYnk39lsAy3fwksfAQva1ZQe0=
github.com/katydid/parser-go-json v0.3.0/go.mod h1:8qjf1F65a3I1gWbLS2YpQx3ZmL+olgkGc/ef/GJDmWk=
github.com/katydid/parser-go-proto v0.2.1 h1:/pnCvlLLJuhvPTKG3RCqoaG5Gk8gZg1NSRahsobnY4A=
github.com/katydid/parser-go-proto v0.2.1/go.mod h1:QVqHViDvHXCNp0oPFlHongCSrnfmJQ8n5+gOM/px0Sc=
github.com/katydid/parser-go-xml v0.1.1 h1:W6Xaxwy1Gh231NCM13L4Bdxfi4aYE6JBTdYsvF6TB1s=
github.com/katydid/parser-go-xml v0.1.1/go.mod h1:I9tZR4C/G6T4QleGfiF1qg5zOMcqp2ASbevDYMvUIdU=
github.com/katydid/validator-go v0.6.4 h1:YtYACpV/OG8SLv0/FWnuyviGYFWg4l6Fh/DOJwdeqyM=
github.com/katydid/validator-go v0.6.4/go.mod h1:B/vavo8a/lmubqeDCB5OuWGcu+A5W4N7PQD04zO4Gqo=
golang.org/x/tools v0.6.0 h1:BOw41kyTf3PuCW1pVQf8+Cyg8pMlkYB1oo9iJ6D/lKM=
golang.org/x/tools v0.6.0/go.mod h1:Xwgl3UAJ/d3gWutnCtw505GrjyAbvKui8lOU390QaIU=
golang.org/x/xerrors v0.0.0-20200804184101-5ec99f83aff1 h1:go1bK/D/BFZV2I8cIQd1NKEZ+0owSTG1fDTci4IqFcE=
golang.org/x/xerrors v0.0.0-20200804184101-5ec99f83aff1/go.mod h1:I/5z698sn9Ka8TeJc9MKroUUfqBBauWjQqLJ2OPfmY0=
google.golang.org/protobuf v1.36.3 h1:82DV7MYdb8anAVi3qge1wSnMDrnKK7ebr+I0hHRN1BU=
google.golang.org/protobuf v1.36.3/go.mod h1:9fA7Ob0pmnwhb644+1+CVWFRbNajQ6iRojtC/QF5bRE=
